// !$*UTF8*$!
{
	archiveVersion = 1;
	classes = {
	};
	objectVersion = 55;
	objects = {

/* Begin PBXBuildFile section */
		520E10CB2847D78B000CA81D /* AppDelegate.swift in Sources */ = {isa = PBXBuildFile; fileRef = 520E10CA2847D78B000CA81D /* AppDelegate.swift */; };
		520E10CD2847D78B000CA81D /* SceneDelegate.swift in Sources */ = {isa = PBXBuildFile; fileRef = 520E10CC2847D78B000CA81D /* SceneDelegate.swift */; };
		520E10CF2847D78B000CA81D /* ViewController.swift in Sources */ = {isa = PBXBuildFile; fileRef = 520E10CE2847D78B000CA81D /* ViewController.swift */; };
		520E10D22847D78B000CA81D /* Main.storyboard in Resources */ = {isa = PBXBuildFile; fileRef = 520E10D02847D78B000CA81D /* Main.storyboard */; };
		520E10D42847D78C000CA81D /* Assets.xcassets in Resources */ = {isa = PBXBuildFile; fileRef = 520E10D32847D78C000CA81D /* Assets.xcassets */; };
		520E10D72847D78C000CA81D /* LaunchScreen.storyboard in Resources */ = {isa = PBXBuildFile; fileRef = 520E10D52847D78C000CA81D /* LaunchScreen.storyboard */; };
/* End PBXBuildFile section */

/* Begin PBXContainerItemProxy section */
		520E10DE2847D78C000CA81D /* PBXContainerItemProxy */ = {
			isa = PBXContainerItemProxy;
			containerPortal = 520E10BF2847D78B000CA81D /* Project object */;
			proxyType = 1;
			remoteGlobalIDString = 520E10C62847D78B000CA81D;
			remoteInfo = CaptionX;
		};
		520E10E82847D78C000CA81D /* PBXContainerItemProxy */ = {
			isa = PBXContainerItemProxy;
			containerPortal = 520E10BF2847D78B000CA81D /* Project object */;
			proxyType = 1;
			remoteGlobalIDString = 520E10C62847D78B000CA81D;
			remoteInfo = CaptionX;
		};
/* End PBXContainerItemProxy section */

/* Begin PBXFileReference section */
		520E10C72847D78B000CA81D /* CaptionX.app */ = {isa = PBXFileReference; explicitFileType = wrapper.application; includeInIndex = 0; path = CaptionX.app; sourceTree = BUILT_PRODUCTS_DIR; };
		520E10CA2847D78B000CA81D /* AppDelegate.swift */ = {isa = PBXFileReference; lastKnownFileType = sourcecode.swift; path = AppDelegate.swift; sourceTree = "<group>"; };
		520E10CC2847D78B000CA81D /* SceneDelegate.swift */ = {isa = PBXFileReference; lastKnownFileType = sourcecode.swift; path = SceneDelegate.swift; sourceTree = "<group>"; };
		520E10CE2847D78B000CA81D /* ViewController.swift */ = {isa = PBXFileReference; lastKnownFileType = sourcecode.swift; path = ViewController.swift; sourceTree = "<group>"; };
		520E10D12847D78B000CA81D /* Base */ = {isa = PBXFileReference; lastKnownFileType = file.storyboard; name = Base; path = Base.lproj/Main.storyboard; sourceTree = "<group>"; };
		520E10D32847D78C000CA81D /* Assets.xcassets */ = {isa = PBXFileReference; lastKnownFileType = folder.assetcatalog; path = Assets.xcassets; sourceTree = "<group>"; };
		520E10D62847D78C000CA81D /* Base */ = {isa = PBXFileReference; lastKnownFileType = file.storyboard; name = Base; path = Base.lproj/LaunchScreen.storyboard; sourceTree = "<group>"; };
		520E10D82847D78C000CA81D /* Info.plist */ = {isa = PBXFileReference; lastKnownFileType = text.plist.xml; path = Info.plist; sourceTree = "<group>"; };
		520E10DD2847D78C000CA81D /* CaptionXTests.xctest */ = {isa = PBXFileReference; explicitFileType = wrapper.cfbundle; includeInIndex = 0; path = CaptionXTests.xctest; sourceTree = BUILT_PRODUCTS_DIR; };
		520E10E72847D78C000CA81D /* CaptionXUITests.xctest */ = {isa = PBXFileReference; explicitFileType = wrapper.cfbundle; includeInIndex = 0; path = CaptionXUITests.xctest; sourceTree = BUILT_PRODUCTS_DIR; };
/* End PBXFileReference section */

/* Begin PBXFrameworksBuildPhase section */
		520E10C42847D78B000CA81D /* Frameworks */ = {
			isa = PBXFrameworksBuildPhase;
			buildActionMask = 2147483647;
			files = (
			);
			runOnlyForDeploymentPostprocessing = 0;
		};
		520E10DA2847D78C000CA81D /* Frameworks */ = {
			isa = PBXFrameworksBuildPhase;
			buildActionMask = 2147483647;
			files = (
			);
			runOnlyForDeploymentPostprocessing = 0;
		};
		520E10E42847D78C000CA81D /* Frameworks */ = {
			isa = PBXFrameworksBuildPhase;
			buildActionMask = 2147483647;
			files = (
			);
			runOnlyForDeploymentPostprocessing = 0;
		};
/* End PBXFrameworksBuildPhase section */

/* Begin PBXGroup section */
		520E10BE2847D78B000CA81D = {
			isa = PBXGroup;
			children = (
				520E10C92847D78B000CA81D /* CaptionX */,
				520E10C82847D78B000CA81D /* Products */,
			);
			sourceTree = "<group>";
		};
		520E10C82847D78B000CA81D /* Products */ = {
			isa = PBXGroup;
			children = (
				520E10C72847D78B000CA81D /* CaptionX.app */,
				520E10DD2847D78C000CA81D /* CaptionXTests.xctest */,
				520E10E72847D78C000CA81D /* CaptionXUITests.xctest */,
			);
			name = Products;
			sourceTree = "<group>";
		};
		520E10C92847D78B000CA81D /* CaptionX */ = {
			isa = PBXGroup;
			children = (
				520E10CA2847D78B000CA81D /* AppDelegate.swift */,
				520E10CC2847D78B000CA81D /* SceneDelegate.swift */,
				520E10CE2847D78B000CA81D /* ViewController.swift */,
				520E10D02847D78B000CA81D /* Main.storyboard */,
				520E10D32847D78C000CA81D /* Assets.xcassets */,
				520E10D52847D78C000CA81D /* LaunchScreen.storyboard */,
				520E10D82847D78C000CA81D /* Info.plist */,
			);
			path = CaptionX;
			sourceTree = "<group>";
		};
/* End PBXGroup section */

/* Begin PBXNativeTarget section */
		520E10C62847D78B000CA81D /* CaptionX */ = {
			isa = PBXNativeTarget;
			buildConfigurationList = 520E10F12847D78C000CA81D /* Build configuration list for PBXNativeTarget "CaptionX" */;
			buildPhases = (
				520E10C32847D78B000CA81D /* Sources */,
				520E10C42847D78B000CA81D /* Frameworks */,
				520E10C52847D78B000CA81D /* Resources */,
			);
			buildRules = (
			);
			dependencies = (
			);
			name = CaptionX;
			productName = CaptionX;
			productReference = 520E10C72847D78B000CA81D /* CaptionX.app */;
			productType = "com.apple.product-type.application";
		};
		520E10DC2847D78C000CA81D /* CaptionXTests */ = {
			isa = PBXNativeTarget;
			buildConfigurationList = 520E10F42847D78C000CA81D /* Build configuration list for PBXNativeTarget "CaptionXTests" */;
			buildPhases = (
				520E10D92847D78C000CA81D /* Sources */,
				520E10DA2847D78C000CA81D /* Frameworks */,
				520E10DB2847D78C000CA81D /* Resources */,
			);
			buildRules = (
			);
			dependencies = (
				520E10DF2847D78C000CA81D /* PBXTargetDependency */,
			);
			name = CaptionXTests;
			productName = CaptionXTests;
			productReference = 520E10DD2847D78C000CA81D /* CaptionXTests.xctest */;
			productType = "com.apple.product-type.bundle.unit-test";
		};
		520E10E62847D78C000CA81D /* CaptionXUITests */ = {
			isa = PBXNativeTarget;
			buildConfigurationList = 520E10F72847D78C000CA81D /* Build configuration list for PBXNativeTarget "CaptionXUITests" */;
			buildPhases = (
				520E10E32847D78C000CA81D /* Sources */,
				520E10E42847D78C000CA81D /* Frameworks */,
				520E10E52847D78C000CA81D /* Resources */,
			);
			buildRules = (
			);
			dependencies = (
				520E10E92847D78C000CA81D /* PBXTargetDependency */,
			);
			name = CaptionXUITests;
			productName = CaptionXUITests;
			productReference = 520E10E72847D78C000CA81D /* CaptionXUITests.xctest */;
			productType = "com.apple.product-type.bundle.ui-testing";
		};
/* End PBXNativeTarget section */

/* Begin PBXProject section */
		520E10BF2847D78B000CA81D /* Project object */ = {
			isa = PBXProject;
			attributes = {
				BuildIndependentTargetsInParallel = 1;
				LastSwiftUpdateCheck = 1340;
				LastUpgradeCheck = 1340;
				TargetAttributes = {
					520E10C62847D78B000CA81D = {
						CreatedOnToolsVersion = 13.4;
					};
					520E10DC2847D78C000CA81D = {
						CreatedOnToolsVersion = 13.4;
						TestTargetID = 520E10C62847D78B000CA81D;
					};
					520E10E62847D78C000CA81D = {
						CreatedOnToolsVersion = 13.4;
						TestTargetID = 520E10C62847D78B000CA81D;
					};
				};
			};
			buildConfigurationList = 520E10C22847D78B000CA81D /* Build configuration list for PBXProject "CaptionX" */;
			compatibilityVersion = "Xcode 13.0";
			developmentRegion = en;
			hasScannedForEncodings = 0;
			knownRegions = (
				en,
				Base,
			);
			mainGroup = 520E10BE2847D78B000CA81D;
			productRefGroup = 520E10C82847D78B000CA81D /* Products */;
			projectDirPath = "";
			projectRoot = "";
			targets = (
				520E10C62847D78B000CA81D /* CaptionX */,
				520E10DC2847D78C000CA81D /* CaptionXTests */,
				520E10E62847D78C000CA81D /* CaptionXUITests */,
			);
		};
/* End PBXProject section */

/* Begin PBXResourcesBuildPhase section */
		520E10C52847D78B000CA81D /* Resources */ = {
			isa = PBXResourcesBuildPhase;
			buildActionMask = 2147483647;
			files = (
				520E10D72847D78C000CA81D /* LaunchScreen.storyboard in Resources */,
				520E10D42847D78C000CA81D /* Assets.xcassets in Resources */,
				520E10D22847D78B000CA81D /* Main.storyboard in Resources */,
			);
			runOnlyForDeploymentPostprocessing = 0;
		};
		520E10DB2847D78C000CA81D /* Resources */ = {
			isa = PBXResourcesBuildPhase;
			buildActionMask = 2147483647;
			files = (
			);
			runOnlyForDeploymentPostprocessing = 0;
		};
		520E10E52847D78C000CA81D /* Resources */ = {
			isa = PBXResourcesBuildPhase;
			buildActionMask = 2147483647;
			files = (
			);
			runOnlyForDeploymentPostprocessing = 0;
		};
/* End PBXResourcesBuildPhase section */

/* Begin PBXSourcesBuildPhase section */
		520E10C32847D78B000CA81D /* Sources */ = {
			isa = PBXSourcesBuildPhase;
			buildActionMask = 2147483647;
			files = (
				520E10CF2847D78B000CA81D /* ViewController.swift in Sources */,
				520E10CB2847D78B000CA81D /* AppDelegate.swift in Sources */,
				520E10CD2847D78B000CA81D /* SceneDelegate.swift in Sources */,
			);
			runOnlyForDeploymentPostprocessing = 0;
		};
		520E10D92847D78C000CA81D /* Sources */ = {
			isa = PBXSourcesBuildPhase;
			buildActionMask = 2147483647;
			files = (
			);
			runOnlyForDeploymentPostprocessing = 0;
		};
		520E10E32847D78C000CA81D /* Sources */ = {
			isa = PBXSourcesBuildPhase;
			buildActionMask = 2147483647;
			files = (
			);
			runOnlyForDeploymentPostprocessing = 0;
		};
/* End PBXSourcesBuildPhase section */

/* Begin PBXTargetDependency section */
		520E10DF2847D78C000CA81D /* PBXTargetDependency */ = {
			isa = PBXTargetDependency;
			target = 520E10C62847D78B000CA81D /* CaptionX */;
			targetProxy = 520E10DE2847D78C000CA81D /* PBXContainerItemProxy */;
		};
		520E10E92847D78C000CA81D /* PBXTargetDependency */ = {
			isa = PBXTargetDependency;
			target = 520E10C62847D78B000CA81D /* CaptionX */;
			targetProxy = 520E10E82847D78C000CA81D /* PBXContainerItemProxy */;
		};
/* End PBXTargetDependency section */

/* Begin PBXVariantGroup section */
		520E10D02847D78B000CA81D /* Main.storyboard */ = {
			isa = PBXVariantGroup;
			children = (
				520E10D12847D78B000CA81D /* Base */,
			);
			name = Main.storyboard;
			sourceTree = "<group>";
		};
		520E10D52847D78C000CA81D /* LaunchScreen.storyboard */ = {
			isa = PBXVariantGroup;
			children = (
				520E10D62847D78C000CA81D /* Base */,
			);
			name = LaunchScreen.storyboard;
			sourceTree = "<group>";
		};
/* End PBXVariantGroup section */

/* Begin XCBuildConfiguration section */
		520E10EF2847D78C000CA81D /* Debug */ = {
			isa = XCBuildConfiguration;
			buildSettings = {
				ALWAYS_SEARCH_USER_PATHS = NO;
				CLANG_ANALYZER_NONNULL = YES;
				CLANG_ANALYZER_NUMBER_OBJECT_CONVERSION = YES_AGGRESSIVE;
				CLANG_CXX_LANGUAGE_STANDARD = "gnu++17";
				CLANG_ENABLE_MODULES = YES;
				CLANG_ENABLE_OBJC_ARC = YES;
				CLANG_ENABLE_OBJC_WEAK = YES;
				CLANG_WARN_BLOCK_CAPTURE_AUTORELEASING = YES;
				CLANG_WARN_BOOL_CONVERSION = YES;
				CLANG_WARN_COMMA = YES;
				CLANG_WARN_CONSTANT_CONVERSION = YES;
				CLANG_WARN_DEPRECATED_OBJC_IMPLEMENTATIONS = YES;
				CLANG_WARN_DIRECT_OBJC_ISA_USAGE = YES_ERROR;
				CLANG_WARN_DOCUMENTATION_COMMENTS = YES;
				CLANG_WARN_EMPTY_BODY = YES;
				CLANG_WARN_ENUM_CONVERSION = YES;
				CLANG_WARN_INFINITE_RECURSION = YES;
				CLANG_WARN_INT_CONVERSION = YES;
				CLANG_WARN_NON_LITERAL_NULL_CONVERSION = YES;
				CLANG_WARN_OBJC_IMPLICIT_RETAIN_SELF = YES;
				CLANG_WARN_OBJC_LITERAL_CONVERSION = YES;
				CLANG_WARN_OBJC_ROOT_CLASS = YES_ERROR;
				CLANG_WARN_QUOTED_INCLUDE_IN_FRAMEWORK_HEADER = YES;
				CLANG_WARN_RANGE_LOOP_ANALYSIS = YES;
				CLANG_WARN_STRICT_PROTOTYPES = YES;
				CLANG_WARN_SUSPICIOUS_MOVE = YES;
				CLANG_WARN_UNGUARDED_AVAILABILITY = YES_AGGRESSIVE;
				CLANG_WARN_UNREACHABLE_CODE = YES;
				CLANG_WARN__DUPLICATE_METHOD_MATCH = YES;
				COPY_PHASE_STRIP = NO;
				DEBUG_INFORMATION_FORMAT = dwarf;
				ENABLE_STRICT_OBJC_MSGSEND = YES;
				ENABLE_TESTABILITY = YES;
				GCC_C_LANGUAGE_STANDARD = gnu11;
				GCC_DYNAMIC_NO_PIC = NO;
				GCC_NO_COMMON_BLOCKS = YES;
				GCC_OPTIMIZATION_LEVEL = 0;
				GCC_PREPROCESSOR_DEFINITIONS = (
					"DEBUG=1",
					"$(inherited)",
				);
				GCC_WARN_64_TO_32_BIT_CONVERSION = YES;
				GCC_WARN_ABOUT_RETURN_TYPE = YES_ERROR;
				GCC_WARN_UNDECLARED_SELECTOR = YES;
				GCC_WARN_UNINITIALIZED_AUTOS = YES_AGGRESSIVE;
				GCC_WARN_UNUSED_FUNCTION = YES;
				GCC_WARN_UNUSED_VARIABLE = YES;
				IPHONEOS_DEPLOYMENT_TARGET = 15.5;
				MTL_ENABLE_DEBUG_INFO = INCLUDE_SOURCE;
				MTL_FAST_MATH = YES;
				ONLY_ACTIVE_ARCH = YES;
				SDKROOT = iphoneos;
				SWIFT_ACTIVE_COMPILATION_CONDITIONS = DEBUG;
				SWIFT_OPTIMIZATION_LEVEL = "-Onone";
			};
			name = Debug;
		};
		520E10F02847D78C000CA81D /* Release */ = {
			isa = XCBuildConfiguration;
			buildSettings = {
				ALWAYS_SEARCH_USER_PATHS = NO;
				CLANG_ANALYZER_NONNULL = YES;
				CLANG_ANALYZER_NUMBER_OBJECT_CONVERSION = YES_AGGRESSIVE;
				CLANG_CXX_LANGUAGE_STANDARD = "gnu++17";
				CLANG_ENABLE_MODULES = YES;
				CLANG_ENABLE_OBJC_ARC = YES;
				CLANG_ENABLE_OBJC_WEAK = YES;
				CLANG_WARN_BLOCK_CAPTURE_AUTORELEASING = YES;
				CLANG_WARN_BOOL_CONVERSION = YES;
				CLANG_WARN_COMMA = YES;
				CLANG_WARN_CONSTANT_CONVERSION = YES;
				CLANG_WARN_DEPRECATED_OBJC_IMPLEMENTATIONS = YES;
				CLANG_WARN_DIRECT_OBJC_ISA_USAGE = YES_ERROR;
				CLANG_WARN_DOCUMENTATION_COMMENTS = YES;
				CLANG_WARN_EMPTY_BODY = YES;
				CLANG_WARN_ENUM_CONVERSION = YES;
				CLANG_WARN_INFINITE_RECURSION = YES;
				CLANG_WARN_INT_CONVERSION = YES;
				CLANG_WARN_NON_LITERAL_NULL_CONVERSION = YES;
				CLANG_WARN_OBJC_IMPLICIT_RETAIN_SELF = YES;
				CLANG_WARN_OBJC_LITERAL_CONVERSION = YES;
				CLANG_WARN_OBJC_ROOT_CLASS = YES_ERROR;
				CLANG_WARN_QUOTED_INCLUDE_IN_FRAMEWORK_HEADER = YES;
				CLANG_WARN_RANGE_LOOP_ANALYSIS = YES;
				CLANG_WARN_STRICT_PROTOTYPES = YES;
				CLANG_WARN_SUSPICIOUS_MOVE = YES;
				CLANG_WARN_UNGUARDED_AVAILABILITY = YES_AGGRESSIVE;
				CLANG_WARN_UNREACHABLE_CODE = YES;
				CLANG_WARN__DUPLICATE_METHOD_MATCH = YES;
				COPY_PHASE_STRIP = NO;
				DEBUG_INFORMATION_FORMAT = "dwarf-with-dsym";
				ENABLE_NS_ASSERTIONS = NO;
				ENABLE_STRICT_OBJC_MSGSEND = YES;
				GCC_C_LANGUAGE_STANDARD = gnu11;
				GCC_NO_COMMON_BLOCKS = YES;
				GCC_WARN_64_TO_32_BIT_CONVERSION = YES;
				GCC_WARN_ABOUT_RETURN_TYPE = YES_ERROR;
				GCC_WARN_UNDECLARED_SELECTOR = YES;
				GCC_WARN_UNINITIALIZED_AUTOS = YES_AGGRESSIVE;
				GCC_WARN_UNUSED_FUNCTION = YES;
				GCC_WARN_UNUSED_VARIABLE = YES;
				IPHONEOS_DEPLOYMENT_TARGET = 15.5;
				MTL_ENABLE_DEBUG_INFO = NO;
				MTL_FAST_MATH = YES;
				SDKROOT = iphoneos;
				SWIFT_COMPILATION_MODE = wholemodule;
				SWIFT_OPTIMIZATION_LEVEL = "-O";
				VALIDATE_PRODUCT = YES;
			};
			name = Release;
		};
		520E10F22847D78C000CA81D /* Debug */ = {
			isa = XCBuildConfiguration;
			buildSettings = {
				ASSETCATALOG_COMPILER_APPICON_NAME = AppIcon;
				ASSETCATALOG_COMPILER_GLOBAL_ACCENT_COLOR_NAME = AccentColor;
				CODE_SIGN_STYLE = Automatic;
				CURRENT_PROJECT_VERSION = 1;
				GENERATE_INFOPLIST_FILE = YES;
				INFOPLIST_FILE = CaptionX/Info.plist;
				INFOPLIST_KEY_UIApplicationSupportsIndirectInputEvents = YES;
				INFOPLIST_KEY_UILaunchStoryboardName = LaunchScreen;
				INFOPLIST_KEY_UIMainStoryboardFile = Main;
				INFOPLIST_KEY_UISupportedInterfaceOrientations_iPad = "UIInterfaceOrientationPortrait UIInterfaceOrientationPortraitUpsideDown UIInterfaceOrientationLandscapeLeft UIInterfaceOrientationLandscapeRight";
				INFOPLIST_KEY_UISupportedInterfaceOrientations_iPhone = "UIInterfaceOrientationPortrait UIInterfaceOrientationLandscapeLeft UIInterfaceOrientationLandscapeRight";
				IPHONEOS_DEPLOYMENT_TARGET = 11.0;
				LD_RUNPATH_SEARCH_PATHS = (
					"$(inherited)",
					"@executable_path/Frameworks",
				);
				MARKETING_VERSION = 1.0;
				PRODUCT_BUNDLE_IDENTIFIER = saka.CaptionX;
				PRODUCT_NAME = "$(TARGET_NAME)";
				SWIFT_EMIT_LOC_STRINGS = YES;
				SWIFT_VERSION = 5.0;
				TARGETED_DEVICE_FAMILY = "1,2";
			};
			name = Debug;
		};
		520E10F32847D78C000CA81D /* Release */ = {
			isa = XCBuildConfiguration;
			buildSettings = {
				ASSETCATALOG_COMPILER_APPICON_NAME = AppIcon;
				ASSETCATALOG_COMPILER_GLOBAL_ACCENT_COLOR_NAME = AccentColor;
				CODE_SIGN_STYLE = Automatic;
				CURRENT_PROJECT_VERSION = 1;
				GENERATE_INFOPLIST_FILE = YES;
				INFOPLIST_FILE = CaptionX/Info.plist;
				INFOPLIST_KEY_UIApplicationSupportsIndirectInputEvents = YES;
				INFOPLIST_KEY_UILaunchStoryboardName = LaunchScreen;
				INFOPLIST_KEY_UIMainStoryboardFile = Main;
				INFOPLIST_KEY_UISupportedInterfaceOrientations_iPad = "UIInterfaceOrientationPortrait UIInterfaceOrientationPortraitUpsideDown UIInterfaceOrientationLandscapeLeft UIInterfaceOrientationLandscapeRight";
				INFOPLIST_KEY_UISupportedInterfaceOrientations_iPhone = "UIInterfaceOrientationPortrait UIInterfaceOrientationLandscapeLeft UIInterfaceOrientationLandscapeRight";
				IPHONEOS_DEPLOYMENT_TARGET = 11.0;
				LD_RUNPATH_SEARCH_PATHS = (
					"$(inherited)",
					"@executable_path/Frameworks",
				);
				MARKETING_VERSION = 1.0;
				PRODUCT_BUNDLE_IDENTIFIER = saka.CaptionX;
				PRODUCT_NAME = "$(TARGET_NAME)";
				SWIFT_EMIT_LOC_STRINGS = YES;
				SWIFT_VERSION = 5.0;
				TARGETED_DEVICE_FAMILY = "1,2";
			};
			name = Release;
		};
		520E10F52847D78C000CA81D /* Debug */ = {
			isa = XCBuildConfiguration;
			buildSettings = {
				ALWAYS_EMBED_SWIFT_STANDARD_LIBRARIES = YES;
				BUNDLE_LOADER = "$(TEST_HOST)";
				CODE_SIGN_STYLE = Automatic;
				CURRENT_PROJECT_VERSION = 1;
				GENERATE_INFOPLIST_FILE = YES;
				IPHONEOS_DEPLOYMENT_TARGET = 15.5;
				MARKETING_VERSION = 1.0;
				PRODUCT_BUNDLE_IDENTIFIER = saka.CaptionXTests;
				PRODUCT_NAME = "$(TARGET_NAME)";
				SWIFT_EMIT_LOC_STRINGS = NO;
				SWIFT_VERSION = 5.0;
				TARGETED_DEVICE_FAMILY = "1,2";
				TEST_HOST = "$(BUILT_PRODUCTS_DIR)/CaptionX.app/CaptionX";
			};
			name = Debug;
		};
		520E10F62847D78C000CA81D /* Release */ = {
			isa = XCBuildConfiguration;
			buildSettings = {
				ALWAYS_EMBED_SWIFT_STANDARD_LIBRARIES = YES;
				BUNDLE_LOADER = "$(TEST_HOST)";
				CODE_SIGN_STYLE = Automatic;
				CURRENT_PROJECT_VERSION = 1;
				GENERATE_INFOPLIST_FILE = YES;
				IPHONEOS_DEPLOYMENT_TARGET = 15.5;
				MARKETING_VERSION = 1.0;
				PRODUCT_BUNDLE_IDENTIFIER = saka.CaptionXTests;
				PRODUCT_NAME = "$(TARGET_NAME)";
				SWIFT_EMIT_LOC_STRINGS = NO;
				SWIFT_VERSION = 5.0;
				TARGETED_DEVICE_FAMILY = "1,2";
				TEST_HOST = "$(BUILT_PRODUCTS_DIR)/CaptionX.app/CaptionX";
			};
			name = Release;
		};
		520E10F82847D78C000CA81D /* Debug */ = {
			isa = XCBuildConfiguration;
			buildSettings = {
				ALWAYS_EMBED_SWIFT_STANDARD_LIBRARIES = YES;
				CODE_SIGN_STYLE = Automatic;
				CURRENT_PROJECT_VERSION = 1;
				GENERATE_INFOPLIST_FILE = YES;
				MARKETING_VERSION = 1.0;
				PRODUCT_BUNDLE_IDENTIFIER = saka.CaptionXUITests;
				PRODUCT_NAME = "$(TARGET_NAME)";
				SWIFT_EMIT_LOC_STRINGS = NO;
				SWIFT_VERSION = 5.0;
				TARGETED_DEVICE_FAMILY = "1,2";
				TEST_TARGET_NAME = CaptionX;
			};
			name = Debug;
		};
		520E10F92847D78C000CA81D /* Release */ = {
			isa = XCBuildConfiguration;
			buildSettings = {
				ALWAYS_EMBED_SWIFT_STANDARD_LIBRARIES = YES;
				CODE_SIGN_STYLE = Automatic;
				CURRENT_PROJECT_VERSION = 1;
				GENERATE_INFOPLIST_FILE = YES;
				MARKETING_VERSION = 1.0;
				PRODUCT_BUNDLE_IDENTIFIER = saka.CaptionXUITests;
				PRODUCT_NAME = "$(TARGET_NAME)";
				SWIFT_EMIT_LOC_STRINGS = NO;
				SWIFT_VERSION = 5.0;
				TARGETED_DEVICE_FAMILY = "1,2";
				TEST_TARGET_NAME = CaptionX;
			};
			name = Release;
		};
/* End XCBuildConfiguration section */

/* Begin XCConfigurationList section */
		520E10C22847D78B000CA81D /* Build configuration list for PBXProject "CaptionX" */ = {
			isa = XCConfigurationList;
			buildConfigurations = (
				520E10EF2847D78C000CA81D /* Debug */,
				520E10F02847D78C000CA81D /* Release */,
			);
			defaultConfigurationIsVisible = 0;
			defaultConfigurationName = Release;
		};
		520E10F12847D78C000CA81D /* Build configuration list for PBXNativeTarget "CaptionX" */ = {
			isa = XCConfigurationList;
			buildConfigurations = (
				520E10F22847D78C000CA81D /* Debug */,
				520E10F32847D78C000CA81D /* Release */,
			);
			defaultConfigurationIsVisible = 0;
			defaultConfigurationName = Release;
		};
		520E10F42847D78C000CA81D /* Build configuration list for PBXNativeTarget "CaptionXTests" */ = {
			isa = XCConfigurationList;
			buildConfigurations = (
				520E10F52847D78C000CA81D /* Debug */,
				520E10F62847D78C000CA81D /* Release */,
			);
			defaultConfigurationIsVisible = 0;
			defaultConfigurationName = Release;
		};
		520E10F72847D78C000CA81D /* Build configuration list for PBXNativeTarget "CaptionXUITests" */ = {
			isa = XCConfigurationList;
			buildConfigurations = (
				520E10F82847D78C000CA81D /* Debug */,
				520E10F92847D78C000CA81D /* Release */,
			);
			defaultConfigurationIsVisible = 0;
			defaultConfigurationName = Release;
		};
/* End XCConfigurationList section */
	};
	rootObject = 520E10BF2847D78B000CA81D /* Project object */;
}
